
Microsoft Visual Studio Solution File, Format Version 12.00
# Visual Studio Version 16
VisualStudioVersion = 16.0.29926.136
MinimumVisualStudioVersion = 10.0.40219.1
Project("{8BC9CEB8-8B4A-11D0-8D11-00A0C91BC942}") = "mydll", "mydll\mydll.vcxproj", "{ECE24A17-6DCC-4D48-97B5-4653431CF504}"
EndProject
Project("{8BC9CEB8-8B4A-11D0-8D11-00A0C91BC942}") = "test_mydll", "test_mydll\test_mydll.vcxproj", "{E947CE83-205A-4123-AA3F-15A92FE2E9B3}"
EndProject
Project("{8BC9CEB8-8B4A-11D0-8D11-00A0C91BC942}") = "commander", "commander\commander.vcxproj", "{B1A2D636-AEAF-4E11-81DD-A91A03AB4D52}"
EndProject
Project("{8BC9CEB8-8B4A-11D0-8D11-00A0C91BC942}") = "dtsource", "dtsource\dtsource.vcxproj", "{BC8C9B6B-6DE1-49A9-863A-75D84F73C205}"
EndProject
Project("{8BC9CEB8-8B4A-11D0-8D11-00A0C91BC942}") = "genc", "genc\genc.vcxproj", "{092BF857-91E4-4080-82E2-4452164219CF}"
EndProject
Project("{8BC9CEB8-8B4A-11D0-8D11-00A0C91BC942}") = "QtClassLibrary", "QtClassLibrary\QtClassLibrary.vcxproj", "{91EF444D-343D-4FB4-8C93-A92898B33D7A}"
EndProject
Project("{8BC9CEB8-8B4A-11D0-8D11-00A0C91BC942}") = "sutils", "sutils\sutils.vcxproj", "{FC26FE34-5772-40E8-A9EA-316C8D1EDC3A}"
EndProject
Global
	GlobalSection(SolutionConfigurationPlatforms) = preSolution
		Debug|x64 = Debug|x64
		Debug|x86 = Debug|x86
		Release|x64 = Release|x64
		Release|x86 = Release|x86
	EndGlobalSection
	GlobalSection(ProjectConfigurationPlatforms) = postSolution
		{ECE24A17-6DCC-4D48-97B5-4653431CF504}.Debug|x64.ActiveCfg = Debug|x64
		{ECE24A17-6DCC-4D48-97B5-4653431CF504}.Debug|x64.Build.0 = Debug|x64
		{ECE24A17-6DCC-4D48-97B5-4653431CF504}.Debug|x86.ActiveCfg = Debug|Win32
		{ECE24A17-6DCC-4D48-97B5-4653431CF504}.Debug|x86.Build.0 = Debug|Win32
		{ECE24A17-6DCC-4D48-97B5-4653431CF504}.Release|x64.ActiveCfg = Release|x64
		{ECE24A17-6DCC-4D48-97B5-4653431CF504}.Release|x64.Build.0 = Release|x64
		{ECE24A17-6DCC-4D48-97B5-4653431CF504}.Release|x86.ActiveCfg = Release|Win32
		{ECE24A17-6DCC-4D48-97B5-4653431CF504}.Release|x86.Build.0 = Release|Win32
		{E947CE83-205A-4123-AA3F-15A92FE2E9B3}.Debug|x64.ActiveCfg = Debug|x64
		{E947CE83-205A-4123-AA3F-15A92FE2E9B3}.Debug|x64.Build.0 = Debug|x64
		{E947CE83-205A-4123-AA3F-15A92FE2E9B3}.Debug|x86.ActiveCfg = Debug|Win32
		{E947CE83-205A-4123-AA3F-15A92FE2E9B3}.Debug|x86.Build.0 = Debug|Win32
		{E947CE83-205A-4123-AA3F-15A92FE2E9B3}.Release|x64.ActiveCfg = Release|x64
		{E947CE83-205A-4123-AA3F-15A92FE2E9B3}.Release|x64.Build.0 = Release|x64
		{E947CE83-205A-4123-AA3F-15A92FE2E9B3}.Release|x86.ActiveCfg = Release|Win32
		{E947CE83-205A-4123-AA3F-15A92FE2E9B3}.Release|x86.Build.0 = Release|Win32
		{B1A2D636-AEAF-4E11-81DD-A91A03AB4D52}.Debug|x64.ActiveCfg = Debug|x64
		{B1A2D636-AEAF-4E11-81DD-A91A03AB4D52}.Debug|x64.Build.0 = Debug|x64
		{B1A2D636-AEAF-4E11-81DD-A91A03AB4D52}.Debug|x86.ActiveCfg = Debug|Win32
		{B1A2D636-AEAF-4E11-81DD-A91A03AB4D52}.Debug|x86.Build.0 = Debug|Win32
		{B1A2D636-AEAF-4E11-81DD-A91A03AB4D52}.Release|x64.ActiveCfg = Release|x64
		{B1A2D636-AEAF-4E11-81DD-A91A03AB4D52}.Release|x64.Build.0 = Release|x64
		{B1A2D636-AEAF-4E11-81DD-A91A03AB4D52}.Release|x86.ActiveCfg = Release|Win32
		{B1A2D636-AEAF-4E11-81DD-A91A03AB4D52}.Release|x86.Build.0 = Release|Win32
		{BC8C9B6B-6DE1-49A9-863A-75D84F73C205}.Debug|x64.ActiveCfg = Debug|x64
		{BC8C9B6B-6DE1-49A9-863A-75D84F73C205}.Debug|x64.Build.0 = Debug|x64
		{BC8C9B6B-6DE1-49A9-863A-75D84F73C205}.Debug|x86.ActiveCfg = Debug|Win32
		{BC8C9B6B-6DE1-49A9-863A-75D84F73C205}.Debug|x86.Build.0 = Debug|Win32
		{BC8C9B6B-6DE1-49A9-863A-75D84F73C205}.Release|x64.ActiveCfg = Release|x64
		{BC8C9B6B-6DE1-49A9-863A-75D84F73C205}.Release|x64.Build.0 = Release|x64
		{BC8C9B6B-6DE1-49A9-863A-75D84F73C205}.Release|x86.ActiveCfg = Release|Win32
		{BC8C9B6B-6DE1-49A9-863A-75D84F73C205}.Release|x86.Build.0 = Release|Win32
		{092BF857-91E4-4080-82E2-4452164219CF}.Debug|x64.ActiveCfg = Debug|x64
		{092BF857-91E4-4080-82E2-4452164219CF}.Debug|x64.Build.0 = Debug|x64
		{092BF857-91E4-4080-82E2-4452164219CF}.Debug|x86.ActiveCfg = Debug|Win32
		{092BF857-91E4-4080-82E2-4452164219CF}.Debug|x86.Build.0 = Debug|Win32
		{092BF857-91E4-4080-82E2-4452164219CF}.Release|x64.ActiveCfg = Release|x64
		{092BF857-91E4-4080-82E2-4452164219CF}.Release|x64.Build.0 = Release|x64
		{092BF857-91E4-4080-82E2-4452164219CF}.Release|x86.ActiveCfg = Release|Win32
		{092BF857-91E4-4080-82E2-4452164219CF}.Release|x86.Build.0 = Release|Win32
		{91EF444D-343D-4FB4-8C93-A92898B33D7A}.Debug|x64.ActiveCfg = Debug|x64
		{91EF444D-343D-4FB4-8C93-A92898B33D7A}.Debug|x64.Build.0 = Debug|x64
		{91EF444D-343D-4FB4-8C93-A92898B33D7A}.Debug|x86.ActiveCfg = Debug|x64
		{91EF444D-343D-4FB4-8C93-A92898B33D7A}.Release|x64.ActiveCfg = Release|x64
		{91EF444D-343D-4FB4-8C93-A92898B33D7A}.Release|x64.Build.0 = Release|x64
		{91EF444D-343D-4FB4-8C93-A92898B33D7A}.Release|x86.ActiveCfg = Release|x64
		{FC26FE34-5772-40E8-A9EA-316C8D1EDC3A}.Debug|x64.ActiveCfg = Debug|x64
		{FC26FE34-5772-40E8-A9EA-316C8D1EDC3A}.Debug|x64.Build.0 = Debug|x64
		{FC26FE34-5772-40E8-A9EA-316C8D1EDC3A}.Debug|x86.ActiveCfg = Debug|Win32
		{FC26FE34-5772-40E8-A9EA-316C8D1EDC3A}.Debug|x86.Build.0 = Debug|Win32
		{FC26FE34-5772-40E8-A9EA-316C8D1EDC3A}.Release|x64.ActiveCfg = Release|x64
		{FC26FE34-5772-40E8-A9EA-316C8D1EDC3A}.Release|x64.Build.0 = Release|x64
		{FC26FE34-5772-40E8-A9EA-316C8D1EDC3A}.Release|x86.ActiveCfg = Release|Win32
		{FC26FE34-5772-40E8-A9EA-316C8D1EDC3A}.Release|x86.Build.0 = Release|Win32
	EndGlobalSection
	GlobalSection(SolutionProperties) = preSolution
		HideSolutionNode = FALSE
	EndGlobalSection
	GlobalSection(ExtensibilityGlobals) = postSolution
		SolutionGuid = {65FFAE6B-BA5B-400D-88F8-13F68EF27C63}
	EndGlobalSection
EndGlobal
